// !$*UTF8*$!
{
	archiveVersion = 1;
	classes = {
	};
	objectVersion = 56;
	objects = {

/* Begin PBXBuildFile section */
		A5048B212BAB3262004D9516 /* IndexedButton.swift in Sources */ = {isa = PBXBuildFile; fileRef = A5048B202BAB3262004D9516 /* IndexedButton.swift */; };
		A5048B232BAB377B004D9516 /* attributedStringFromHTML.swift in Sources */ = {isa = PBXBuildFile; fileRef = A5048B222BAB377B004D9516 /* attributedStringFromHTML.swift */; };
		A5048B252BAB4198004D9516 /* BookmarkViewModel.swift in Sources */ = {isa = PBXBuildFile; fileRef = A5048B242BAB4198004D9516 /* BookmarkViewModel.swift */; };
		A5048B272BABEF27004D9516 /* setViewShadow.swift in Sources */ = {isa = PBXBuildFile; fileRef = A5048B262BABEF27004D9516 /* setViewShadow.swift */; };
		A5048B292BAC985F004D9516 /* DoubleFormatter.swift in Sources */ = {isa = PBXBuildFile; fileRef = A5048B282BAC985F004D9516 /* DoubleFormatter.swift */; };
		A5048B2B2BAC9F64004D9516 /* GoogleService-Info.plist in Resources */ = {isa = PBXBuildFile; fileRef = A5048B2A2BAC9F64004D9516 /* GoogleService-Info.plist */; };
		A5048B342BACA6E8004D9516 /* FirebaseAnalyticsWithoutAdIdSupport in Frameworks */ = {isa = PBXBuildFile; productRef = A5048B332BACA6E8004D9516 /* FirebaseAnalyticsWithoutAdIdSupport */; };
		A5048B362BACA6E8004D9516 /* FirebaseCrashlytics in Frameworks */ = {isa = PBXBuildFile; productRef = A5048B352BACA6E8004D9516 /* FirebaseCrashlytics */; };
		A5048B382BACA6E8004D9516 /* FirebaseMessaging in Frameworks */ = {isa = PBXBuildFile; productRef = A5048B372BACA6E8004D9516 /* FirebaseMessaging */; };
		A5048B3B2BACAC95004D9516 /* LaunchScreenViewController.swift in Sources */ = {isa = PBXBuildFile; fileRef = A5048B3A2BACAC95004D9516 /* LaunchScreenViewController.swift */; };
		A50F40F62B9F5DE10097466D /* API.swift in Sources */ = {isa = PBXBuildFile; fileRef = A50F40F52B9F5DE10097466D /* API.swift */; };
		A556411D2B9C3FCC000A1F27 /* Tabman in Frameworks */ = {isa = PBXBuildFile; productRef = A556411C2B9C3FCC000A1F27 /* Tabman */; };
		A55641202B9C40F4000A1F27 /* TabmanViewController.swift in Sources */ = {isa = PBXBuildFile; fileRef = A556411F2B9C40F4000A1F27 /* TabmanViewController.swift */; };
		A55641222B9C6B5B000A1F27 /* TotalResultViewController.swift in Sources */ = {isa = PBXBuildFile; fileRef = A55641212B9C6B5B000A1F27 /* TotalResultViewController.swift */; };
		A55641252B9C6E89000A1F27 /* TotalResultTableViewCell.swift in Sources */ = {isa = PBXBuildFile; fileRef = A55641242B9C6E89000A1F27 /* TotalResultTableViewCell.swift */; };
		A55641272B9C6EAF000A1F27 /* BaseTableViewCell.swift in Sources */ = {isa = PBXBuildFile; fileRef = A55641262B9C6EAF000A1F27 /* BaseTableViewCell.swift */; };
		A556412A2B9C7794000A1F27 /* TopCollectionViewCell.swift in Sources */ = {isa = PBXBuildFile; fileRef = A55641292B9C7794000A1F27 /* TopCollectionViewCell.swift */; };
		A55641302B9CB549000A1F27 /* Alamofire in Frameworks */ = {isa = PBXBuildFile; productRef = A556412F2B9CB549000A1F27 /* Alamofire */; };
		A55641322B9CB6B9000A1F27 /* APIService.swift in Sources */ = {isa = PBXBuildFile; fileRef = A55641312B9CB6B9000A1F27 /* APIService.swift */; };
		A55641342B9CB906000A1F27 /* APIModel.swift in Sources */ = {isa = PBXBuildFile; fileRef = A55641332B9CB906000A1F27 /* APIModel.swift */; };
		A55641372B9D4636000A1F27 /* Observable.swift in Sources */ = {isa = PBXBuildFile; fileRef = A55641362B9D4636000A1F27 /* Observable.swift */; };
		A55641392B9D4CC7000A1F27 /* TotalResultTableViewModel.swift in Sources */ = {isa = PBXBuildFile; fileRef = A55641382B9D4CC7000A1F27 /* TotalResultTableViewModel.swift */; };
		A556413C2B9D5041000A1F27 /* Kingfisher in Frameworks */ = {isa = PBXBuildFile; productRef = A556413B2B9D5041000A1F27 /* Kingfisher */; };
		A563B01D2BA085AF005A4F37 /* FSCalendar in Frameworks */ = {isa = PBXBuildFile; productRef = A563B01C2BA085AF005A4F37 /* FSCalendar */; };
		A563B0202BA08C91005A4F37 /* CalendarViewController.swift in Sources */ = {isa = PBXBuildFile; fileRef = A563B01F2BA08C91005A4F37 /* CalendarViewController.swift */; };
		A563B0242BA0BBDE005A4F37 /* Realm in Frameworks */ = {isa = PBXBuildFile; productRef = A563B0232BA0BBDE005A4F37 /* Realm */; };
		A563B0262BA0BBDE005A4F37 /* RealmSwift in Frameworks */ = {isa = PBXBuildFile; productRef = A563B0252BA0BBDE005A4F37 /* RealmSwift */; };
		A563B0282BA0BC6E005A4F37 /* SearchedKeywordRealmModel.swift in Sources */ = {isa = PBXBuildFile; fileRef = A563B0272BA0BC6E005A4F37 /* SearchedKeywordRealmModel.swift */; };
		A563B02A2BA0BEB5005A4F37 /* SearchHistoryRepository.swift in Sources */ = {isa = PBXBuildFile; fileRef = A563B0292BA0BEB5005A4F37 /* SearchHistoryRepository.swift */; };
		A563B02E2BA12DA8005A4F37 /* MainTabbarController.swift in Sources */ = {isa = PBXBuildFile; fileRef = A563B02D2BA12DA8005A4F37 /* MainTabbarController.swift */; };
		A563B0332BA2846B005A4F37 /* SVProgressHUD in Frameworks */ = {isa = PBXBuildFile; productRef = A563B0322BA2846B005A4F37 /* SVProgressHUD */; };
		A563B0382BA305B9005A4F37 /* SearchResultViewController.swift in Sources */ = {isa = PBXBuildFile; fileRef = A563B0372BA305B9005A4F37 /* SearchResultViewController.swift */; };
		A563B03A2BA3063C005A4F37 /* SearchResultViewModel.swift in Sources */ = {isa = PBXBuildFile; fileRef = A563B0392BA3063C005A4F37 /* SearchResultViewModel.swift */; };
		A563B03D2BA35EED005A4F37 /* Toast in Frameworks */ = {isa = PBXBuildFile; productRef = A563B03C2BA35EED005A4F37 /* Toast */; };
		A563B0402BA3CC5A005A4F37 /* ResultCollectionViewCell.swift in Sources */ = {isa = PBXBuildFile; fileRef = A563B03F2BA3CC5A005A4F37 /* ResultCollectionViewCell.swift */; };
		A563B0422BA3D084005A4F37 /* ResultCollectionViewSectionHeaderView.swift in Sources */ = {isa = PBXBuildFile; fileRef = A563B0412BA3D084005A4F37 /* ResultCollectionViewSectionHeaderView.swift */; };
		A563B0442BA56840005A4F37 /* StringHighlight.swift in Sources */ = {isa = PBXBuildFile; fileRef = A563B0432BA56840005A4F37 /* StringHighlight.swift */; };
		A563B0462BA57152005A4F37 /* ResultCollectionViewSectionFooterView.swift in Sources */ = {isa = PBXBuildFile; fileRef = A563B0452BA57152005A4F37 /* ResultCollectionViewSectionFooterView.swift */; };
		A563B0492BA57A2C005A4F37 /* ContentViewController.swift in Sources */ = {isa = PBXBuildFile; fileRef = A563B0482BA57A2C005A4F37 /* ContentViewController.swift */; };
		A563B04B2BA58B09005A4F37 /* ContentViewModel.swift in Sources */ = {isa = PBXBuildFile; fileRef = A563B04A2BA58B09005A4F37 /* ContentViewModel.swift */; };
		A563B04D2BA68D91005A4F37 /* ContentViewFooterView.swift in Sources */ = {isa = PBXBuildFile; fileRef = A563B04C2BA68D91005A4F37 /* ContentViewFooterView.swift */; };
		A563B0502BA7B1F8005A4F37 /* DetailContentInfoViewController.swift in Sources */ = {isa = PBXBuildFile; fileRef = A563B04F2BA7B1F8005A4F37 /* DetailContentInfoViewController.swift */; };
		A5D5DD5E2B9DACB8007F9935 /* ContentType.swift in Sources */ = {isa = PBXBuildFile; fileRef = A5D5DD5D2B9DACB8007F9935 /* ContentType.swift */; };
		A5D5DD612B9DB32F007F9935 /* Delegate.swift in Sources */ = {isa = PBXBuildFile; fileRef = A5D5DD602B9DB32F007F9935 /* Delegate.swift */; };
		A5D5DD632B9DDC8F007F9935 /* BottomCollectionViewCell.swift in Sources */ = {isa = PBXBuildFile; fileRef = A5D5DD622B9DDC8F007F9935 /* BottomCollectionViewCell.swift */; };
		A5D5DD662B9E7D76007F9935 /* DateFormatter.swift in Sources */ = {isa = PBXBuildFile; fileRef = A5D5DD652B9E7D76007F9935 /* DateFormatter.swift */; };
		A5D5DD6B2B9F38EF007F9935 /* CityCode.swift in Sources */ = {isa = PBXBuildFile; fileRef = A5D5DD6A2B9F38EF007F9935 /* CityCode.swift */; };
		A5ED2E8D2B99837800BB0E9C /* AppDelegate.swift in Sources */ = {isa = PBXBuildFile; fileRef = A5ED2E8C2B99837800BB0E9C /* AppDelegate.swift */; };
		A5ED2E8F2B99837800BB0E9C /* SceneDelegate.swift in Sources */ = {isa = PBXBuildFile; fileRef = A5ED2E8E2B99837800BB0E9C /* SceneDelegate.swift */; };
		A5ED2E912B99837800BB0E9C /* ViewController.swift in Sources */ = {isa = PBXBuildFile; fileRef = A5ED2E902B99837800BB0E9C /* ViewController.swift */; };
		A5ED2E942B99837800BB0E9C /* Main.storyboard in Resources */ = {isa = PBXBuildFile; fileRef = A5ED2E922B99837800BB0E9C /* Main.storyboard */; };
		A5ED2E962B99837900BB0E9C /* Assets.xcassets in Resources */ = {isa = PBXBuildFile; fileRef = A5ED2E952B99837900BB0E9C /* Assets.xcassets */; };
		A5ED2E992B99837900BB0E9C /* LaunchScreen.storyboard in Resources */ = {isa = PBXBuildFile; fileRef = A5ED2E972B99837900BB0E9C /* LaunchScreen.storyboard */; };
		A5ED2EA12B9985FD00BB0E9C /* .gitignore in Resources */ = {isa = PBXBuildFile; fileRef = A5ED2EA02B9985FD00BB0E9C /* .gitignore */; };
		A5ED2EA32B998B3300BB0E9C /* APIKey.swift in Sources */ = {isa = PBXBuildFile; fileRef = A5ED2EA22B998B3300BB0E9C /* APIKey.swift */; };
		A5ED2EBD2B9991F500BB0E9C /* Localizable.xcstrings in Resources */ = {isa = PBXBuildFile; fileRef = A5ED2EBC2B9991F500BB0E9C /* Localizable.xcstrings */; };
		A5ED2EBF2B99927600BB0E9C /* InfoPlist.strings in Resources */ = {isa = PBXBuildFile; fileRef = A5ED2EBE2B99927600BB0E9C /* InfoPlist.strings */; };
		A5ED2EC22B9993E400BB0E9C /* OnboardingViewController.swift in Sources */ = {isa = PBXBuildFile; fileRef = A5ED2EC12B9993E400BB0E9C /* OnboardingViewController.swift */; };
		A5ED2EC52B99945F00BB0E9C /* BaseViewController.swift in Sources */ = {isa = PBXBuildFile; fileRef = A5ED2EC42B99945F00BB0E9C /* BaseViewController.swift */; };
		A5ED2ECD2B9994F900BB0E9C /* SnapKit in Frameworks */ = {isa = PBXBuildFile; productRef = A5ED2ECC2B9994F900BB0E9C /* SnapKit */; };
		A5ED2ED02B99981B00BB0E9C /* Country.swift in Sources */ = {isa = PBXBuildFile; fileRef = A5ED2ECF2B99981B00BB0E9C /* Country.swift */; };
		A5ED2ED22B999A3B00BB0E9C /* LocalString.swift in Sources */ = {isa = PBXBuildFile; fileRef = A5ED2ED12B999A3B00BB0E9C /* LocalString.swift */; };
		A5ED2ED52B999FCB00BB0E9C /* CountryCollectionViewCell.swift in Sources */ = {isa = PBXBuildFile; fileRef = A5ED2ED42B999FCB00BB0E9C /* CountryCollectionViewCell.swift */; };
		A5ED2ED82B99A8C100BB0E9C /* TotalViewController.swift in Sources */ = {isa = PBXBuildFile; fileRef = A5ED2ED72B99A8C100BB0E9C /* TotalViewController.swift */; };
		A5ED2EDE2B9AFF3700BB0E9C /* SearchViewController.swift in Sources */ = {isa = PBXBuildFile; fileRef = A5ED2EDD2B9AFF3700BB0E9C /* SearchViewController.swift */; };
		A5ED2EE12B9B2A3200BB0E9C /* CityCollectionViewCell.swift in Sources */ = {isa = PBXBuildFile; fileRef = A5ED2EE02B9B2A3200BB0E9C /* CityCollectionViewCell.swift */; };
		A5ED2EE32B9B2A4000BB0E9C /* BaseCollectionViewCell.swift in Sources */ = {isa = PBXBuildFile; fileRef = A5ED2EE22B9B2A4000BB0E9C /* BaseCollectionViewCell.swift */; };
		A5EFCD7D2BA9B258002894D2 /* DetailContentInfoViewModel.swift in Sources */ = {isa = PBXBuildFile; fileRef = A5EFCD7C2BA9B258002894D2 /* DetailContentInfoViewModel.swift */; };
		A5EFCD802BAA5DB9002894D2 /* BookmarkViewController.swift in Sources */ = {isa = PBXBuildFile; fileRef = A5EFCD7F2BAA5DB9002894D2 /* BookmarkViewController.swift */; };
		A5EFCD832BAA5FA9002894D2 /* SettingViewController.swift in Sources */ = {isa = PBXBuildFile; fileRef = A5EFCD822BAA5FA9002894D2 /* SettingViewController.swift */; };
		A5EFCD862BAABE7F002894D2 /* BookmarkRepository.swift in Sources */ = {isa = PBXBuildFile; fileRef = A5EFCD852BAABE7F002894D2 /* BookmarkRepository.swift */; };
		A5EFCD882BAABEE2002894D2 /* BookmarkRealmModel.swift in Sources */ = {isa = PBXBuildFile; fileRef = A5EFCD872BAABEE2002894D2 /* BookmarkRealmModel.swift */; };
/* End PBXBuildFile section */

/* Begin PBXFileReference section */
		A5048B202BAB3262004D9516 /* IndexedButton.swift */ = {isa = PBXFileReference; lastKnownFileType = sourcecode.swift; path = IndexedButton.swift; sourceTree = "<group>"; };
		A5048B222BAB377B004D9516 /* attributedStringFromHTML.swift */ = {isa = PBXFileReference; lastKnownFileType = sourcecode.swift; path = attributedStringFromHTML.swift; sourceTree = "<group>"; };
		A5048B242BAB4198004D9516 /* BookmarkViewModel.swift */ = {isa = PBXFileReference; lastKnownFileType = sourcecode.swift; path = BookmarkViewModel.swift; sourceTree = "<group>"; };
		A5048B262BABEF27004D9516 /* setViewShadow.swift */ = {isa = PBXFileReference; lastKnownFileType = sourcecode.swift; path = setViewShadow.swift; sourceTree = "<group>"; };
		A5048B282BAC985F004D9516 /* DoubleFormatter.swift */ = {isa = PBXFileReference; lastKnownFileType = sourcecode.swift; path = DoubleFormatter.swift; sourceTree = "<group>"; };
		A5048B2A2BAC9F64004D9516 /* GoogleService-Info.plist */ = {isa = PBXFileReference; fileEncoding = 4; lastKnownFileType = text.plist.xml; path = "GoogleService-Info.plist"; sourceTree = "<group>"; };
		A5048B3A2BACAC95004D9516 /* LaunchScreenViewController.swift */ = {isa = PBXFileReference; lastKnownFileType = sourcecode.swift; path = LaunchScreenViewController.swift; sourceTree = "<group>"; };
		A5048B3C2BAD0CB7004D9516 /* NuriRock.entitlements */ = {isa = PBXFileReference; lastKnownFileType = text.plist.entitlements; path = NuriRock.entitlements; sourceTree = "<group>"; };
		A50F40F52B9F5DE10097466D /* API.swift */ = {isa = PBXFileReference; lastKnownFileType = sourcecode.swift; path = API.swift; sourceTree = "<group>"; };
		A556411F2B9C40F4000A1F27 /* TabmanViewController.swift */ = {isa = PBXFileReference; lastKnownFileType = sourcecode.swift; path = TabmanViewController.swift; sourceTree = "<group>"; };
		A55641212B9C6B5B000A1F27 /* TotalResultViewController.swift */ = {isa = PBXFileReference; lastKnownFileType = sourcecode.swift; path = TotalResultViewController.swift; sourceTree = "<group>"; };
		A55641242B9C6E89000A1F27 /* TotalResultTableViewCell.swift */ = {isa = PBXFileReference; lastKnownFileType = sourcecode.swift; path = TotalResultTableViewCell.swift; sourceTree = "<group>"; };
		A55641262B9C6EAF000A1F27 /* BaseTableViewCell.swift */ = {isa = PBXFileReference; lastKnownFileType = sourcecode.swift; path = BaseTableViewCell.swift; sourceTree = "<group>"; };
		A55641292B9C7794000A1F27 /* TopCollectionViewCell.swift */ = {isa = PBXFileReference; lastKnownFileType = sourcecode.swift; path = TopCollectionViewCell.swift; sourceTree = "<group>"; };
		A55641312B9CB6B9000A1F27 /* APIService.swift */ = {isa = PBXFileReference; lastKnownFileType = sourcecode.swift; path = APIService.swift; sourceTree = "<group>"; };
		A55641332B9CB906000A1F27 /* APIModel.swift */ = {isa = PBXFileReference; lastKnownFileType = sourcecode.swift; path = APIModel.swift; sourceTree = "<group>"; };
		A55641362B9D4636000A1F27 /* Observable.swift */ = {isa = PBXFileReference; lastKnownFileType = sourcecode.swift; path = Observable.swift; sourceTree = "<group>"; };
		A55641382B9D4CC7000A1F27 /* TotalResultTableViewModel.swift */ = {isa = PBXFileReference; lastKnownFileType = sourcecode.swift; path = TotalResultTableViewModel.swift; sourceTree = "<group>"; };
		A563B01F2BA08C91005A4F37 /* CalendarViewController.swift */ = {isa = PBXFileReference; lastKnownFileType = sourcecode.swift; path = CalendarViewController.swift; sourceTree = "<group>"; };
		A563B0272BA0BC6E005A4F37 /* SearchedKeywordRealmModel.swift */ = {isa = PBXFileReference; lastKnownFileType = sourcecode.swift; path = SearchedKeywordRealmModel.swift; sourceTree = "<group>"; };
		A563B0292BA0BEB5005A4F37 /* SearchHistoryRepository.swift */ = {isa = PBXFileReference; lastKnownFileType = sourcecode.swift; path = SearchHistoryRepository.swift; sourceTree = "<group>"; };
		A563B02D2BA12DA8005A4F37 /* MainTabbarController.swift */ = {isa = PBXFileReference; lastKnownFileType = sourcecode.swift; path = MainTabbarController.swift; sourceTree = "<group>"; };
		A563B0372BA305B9005A4F37 /* SearchResultViewController.swift */ = {isa = PBXFileReference; lastKnownFileType = sourcecode.swift; path = SearchResultViewController.swift; sourceTree = "<group>"; };
		A563B0392BA3063C005A4F37 /* SearchResultViewModel.swift */ = {isa = PBXFileReference; lastKnownFileType = sourcecode.swift; path = SearchResultViewModel.swift; sourceTree = "<group>"; };
		A563B03F2BA3CC5A005A4F37 /* ResultCollectionViewCell.swift */ = {isa = PBXFileReference; lastKnownFileType = sourcecode.swift; path = ResultCollectionViewCell.swift; sourceTree = "<group>"; };
		A563B0412BA3D084005A4F37 /* ResultCollectionViewSectionHeaderView.swift */ = {isa = PBXFileReference; lastKnownFileType = sourcecode.swift; path = ResultCollectionViewSectionHeaderView.swift; sourceTree = "<group>"; };
		A563B0432BA56840005A4F37 /* StringHighlight.swift */ = {isa = PBXFileReference; lastKnownFileType = sourcecode.swift; path = StringHighlight.swift; sourceTree = "<group>"; };
		A563B0452BA57152005A4F37 /* ResultCollectionViewSectionFooterView.swift */ = {isa = PBXFileReference; lastKnownFileType = sourcecode.swift; path = ResultCollectionViewSectionFooterView.swift; sourceTree = "<group>"; };
		A563B0482BA57A2C005A4F37 /* ContentViewController.swift */ = {isa = PBXFileReference; lastKnownFileType = sourcecode.swift; path = ContentViewController.swift; sourceTree = "<group>"; };
		A563B04A2BA58B09005A4F37 /* ContentViewModel.swift */ = {isa = PBXFileReference; lastKnownFileType = sourcecode.swift; path = ContentViewModel.swift; sourceTree = "<group>"; };
		A563B04C2BA68D91005A4F37 /* ContentViewFooterView.swift */ = {isa = PBXFileReference; lastKnownFileType = sourcecode.swift; path = ContentViewFooterView.swift; sourceTree = "<group>"; };
		A563B04F2BA7B1F8005A4F37 /* DetailContentInfoViewController.swift */ = {isa = PBXFileReference; lastKnownFileType = sourcecode.swift; path = DetailContentInfoViewController.swift; sourceTree = "<group>"; };
		A5D5DD5D2B9DACB8007F9935 /* ContentType.swift */ = {isa = PBXFileReference; lastKnownFileType = sourcecode.swift; path = ContentType.swift; sourceTree = "<group>"; };
		A5D5DD602B9DB32F007F9935 /* Delegate.swift */ = {isa = PBXFileReference; lastKnownFileType = sourcecode.swift; path = Delegate.swift; sourceTree = "<group>"; };
		A5D5DD622B9DDC8F007F9935 /* BottomCollectionViewCell.swift */ = {isa = PBXFileReference; lastKnownFileType = sourcecode.swift; path = BottomCollectionViewCell.swift; sourceTree = "<group>"; };
		A5D5DD652B9E7D76007F9935 /* DateFormatter.swift */ = {isa = PBXFileReference; lastKnownFileType = sourcecode.swift; path = DateFormatter.swift; sourceTree = "<group>"; };
		A5D5DD6A2B9F38EF007F9935 /* CityCode.swift */ = {isa = PBXFileReference; lastKnownFileType = sourcecode.swift; path = CityCode.swift; sourceTree = "<group>"; };
		A5ED2E892B99837800BB0E9C /* NuriRock.app */ = {isa = PBXFileReference; explicitFileType = wrapper.application; includeInIndex = 0; path = NuriRock.app; sourceTree = BUILT_PRODUCTS_DIR; };
		A5ED2E8C2B99837800BB0E9C /* AppDelegate.swift */ = {isa = PBXFileReference; lastKnownFileType = sourcecode.swift; path = AppDelegate.swift; sourceTree = "<group>"; };
		A5ED2E8E2B99837800BB0E9C /* SceneDelegate.swift */ = {isa = PBXFileReference; lastKnownFileType = sourcecode.swift; path = SceneDelegate.swift; sourceTree = "<group>"; };
		A5ED2E902B99837800BB0E9C /* ViewController.swift */ = {isa = PBXFileReference; lastKnownFileType = sourcecode.swift; path = ViewController.swift; sourceTree = "<group>"; };
		A5ED2E932B99837800BB0E9C /* Base */ = {isa = PBXFileReference; lastKnownFileType = file.storyboard; name = Base; path = Base.lproj/Main.storyboard; sourceTree = "<group>"; };
		A5ED2E952B99837900BB0E9C /* Assets.xcassets */ = {isa = PBXFileReference; lastKnownFileType = folder.assetcatalog; path = Assets.xcassets; sourceTree = "<group>"; };
		A5ED2E982B99837900BB0E9C /* Base */ = {isa = PBXFileReference; lastKnownFileType = file.storyboard; name = Base; path = Base.lproj/LaunchScreen.storyboard; sourceTree = "<group>"; };
		A5ED2E9A2B99837900BB0E9C /* Info.plist */ = {isa = PBXFileReference; lastKnownFileType = text.plist.xml; path = Info.plist; sourceTree = "<group>"; };
		A5ED2EA02B9985FD00BB0E9C /* .gitignore */ = {isa = PBXFileReference; lastKnownFileType = text; path = .gitignore; sourceTree = "<group>"; };
		A5ED2EA22B998B3300BB0E9C /* APIKey.swift */ = {isa = PBXFileReference; lastKnownFileType = sourcecode.swift; path = APIKey.swift; sourceTree = "<group>"; };
		A5ED2EB22B9990E400BB0E9C /* ko */ = {isa = PBXFileReference; lastKnownFileType = text.plist.strings; name = ko; path = ko.lproj/Main.strings; sourceTree = "<group>"; };
		A5ED2EB32B9990E400BB0E9C /* ko */ = {isa = PBXFileReference; lastKnownFileType = text.plist.strings; name = ko; path = ko.lproj/LaunchScreen.strings; sourceTree = "<group>"; };
		A5ED2EB42B9990F200BB0E9C /* zh-Hans */ = {isa = PBXFileReference; lastKnownFileType = text.plist.strings; name = "zh-Hans"; path = "zh-Hans.lproj/Main.strings"; sourceTree = "<group>"; };
		A5ED2EB52B9990F200BB0E9C /* zh-Hans */ = {isa = PBXFileReference; lastKnownFileType = text.plist.strings; name = "zh-Hans"; path = "zh-Hans.lproj/LaunchScreen.strings"; sourceTree = "<group>"; };
		A5ED2EB62B9990F600BB0E9C /* zh-Hant */ = {isa = PBXFileReference; lastKnownFileType = text.plist.strings; name = "zh-Hant"; path = "zh-Hant.lproj/Main.strings"; sourceTree = "<group>"; };
		A5ED2EB72B9990F600BB0E9C /* zh-Hant */ = {isa = PBXFileReference; lastKnownFileType = text.plist.strings; name = "zh-Hant"; path = "zh-Hant.lproj/LaunchScreen.strings"; sourceTree = "<group>"; };
		A5ED2EB82B9990FC00BB0E9C /* ja */ = {isa = PBXFileReference; lastKnownFileType = text.plist.strings; name = ja; path = ja.lproj/Main.strings; sourceTree = "<group>"; };
		A5ED2EB92B9990FC00BB0E9C /* ja */ = {isa = PBXFileReference; lastKnownFileType = text.plist.strings; name = ja; path = ja.lproj/LaunchScreen.strings; sourceTree = "<group>"; };
		A5ED2EBA2B99910A00BB0E9C /* en */ = {isa = PBXFileReference; lastKnownFileType = text.plist.strings; name = en; path = en.lproj/Main.strings; sourceTree = "<group>"; };
		A5ED2EBB2B99910A00BB0E9C /* en */ = {isa = PBXFileReference; lastKnownFileType = text.plist.strings; name = en; path = en.lproj/LaunchScreen.strings; sourceTree = "<group>"; };
		A5ED2EBC2B9991F500BB0E9C /* Localizable.xcstrings */ = {isa = PBXFileReference; lastKnownFileType = text.json.xcstrings; path = Localizable.xcstrings; sourceTree = "<group>"; };
		A5ED2EBE2B99927600BB0E9C /* InfoPlist.strings */ = {isa = PBXFileReference; lastKnownFileType = text.plist.strings; path = InfoPlist.strings; sourceTree = "<group>"; };
		A5ED2EC12B9993E400BB0E9C /* OnboardingViewController.swift */ = {isa = PBXFileReference; lastKnownFileType = sourcecode.swift; path = OnboardingViewController.swift; sourceTree = "<group>"; };
		A5ED2EC42B99945F00BB0E9C /* BaseViewController.swift */ = {isa = PBXFileReference; lastKnownFileType = sourcecode.swift; path = BaseViewController.swift; sourceTree = "<group>"; };
		A5ED2ECF2B99981B00BB0E9C /* Country.swift */ = {isa = PBXFileReference; lastKnownFileType = sourcecode.swift; path = Country.swift; sourceTree = "<group>"; };
		A5ED2ED12B999A3B00BB0E9C /* LocalString.swift */ = {isa = PBXFileReference; lastKnownFileType = sourcecode.swift; path = LocalString.swift; sourceTree = "<group>"; };
		A5ED2ED42B999FCB00BB0E9C /* CountryCollectionViewCell.swift */ = {isa = PBXFileReference; lastKnownFileType = sourcecode.swift; path = CountryCollectionViewCell.swift; sourceTree = "<group>"; };
		A5ED2ED72B99A8C100BB0E9C /* TotalViewController.swift */ = {isa = PBXFileReference; lastKnownFileType = sourcecode.swift; path = TotalViewController.swift; sourceTree = "<group>"; };
		A5ED2EDD2B9AFF3700BB0E9C /* SearchViewController.swift */ = {isa = PBXFileReference; lastKnownFileType = sourcecode.swift; path = SearchViewController.swift; sourceTree = "<group>"; };
		A5ED2EE02B9B2A3200BB0E9C /* CityCollectionViewCell.swift */ = {isa = PBXFileReference; lastKnownFileType = sourcecode.swift; path = CityCollectionViewCell.swift; sourceTree = "<group>"; };
		A5ED2EE22B9B2A4000BB0E9C /* BaseCollectionViewCell.swift */ = {isa = PBXFileReference; lastKnownFileType = sourcecode.swift; path = BaseCollectionViewCell.swift; sourceTree = "<group>"; };
		A5EFCD7C2BA9B258002894D2 /* DetailContentInfoViewModel.swift */ = {isa = PBXFileReference; lastKnownFileType = sourcecode.swift; path = DetailContentInfoViewModel.swift; sourceTree = "<group>"; };
		A5EFCD7F2BAA5DB9002894D2 /* BookmarkViewController.swift */ = {isa = PBXFileReference; lastKnownFileType = sourcecode.swift; path = BookmarkViewController.swift; sourceTree = "<group>"; };
		A5EFCD822BAA5FA9002894D2 /* SettingViewController.swift */ = {isa = PBXFileReference; lastKnownFileType = sourcecode.swift; path = SettingViewController.swift; sourceTree = "<group>"; };
		A5EFCD852BAABE7F002894D2 /* BookmarkRepository.swift */ = {isa = PBXFileReference; lastKnownFileType = sourcecode.swift; path = BookmarkRepository.swift; sourceTree = "<group>"; };
		A5EFCD872BAABEE2002894D2 /* BookmarkRealmModel.swift */ = {isa = PBXFileReference; lastKnownFileType = sourcecode.swift; path = BookmarkRealmModel.swift; sourceTree = "<group>"; };
/* End PBXFileReference section */

/* Begin PBXFrameworksBuildPhase section */
		A5ED2E862B99837800BB0E9C /* Frameworks */ = {
			isa = PBXFrameworksBuildPhase;
			buildActionMask = 2147483647;
			files = (
				A5048B382BACA6E8004D9516 /* FirebaseMessaging in Frameworks */,
				A563B0242BA0BBDE005A4F37 /* Realm in Frameworks */,
				A5048B342BACA6E8004D9516 /* FirebaseAnalyticsWithoutAdIdSupport in Frameworks */,
				A556413C2B9D5041000A1F27 /* Kingfisher in Frameworks */,
				A563B0262BA0BBDE005A4F37 /* RealmSwift in Frameworks */,
				A563B03D2BA35EED005A4F37 /* Toast in Frameworks */,
				A5048B362BACA6E8004D9516 /* FirebaseCrashlytics in Frameworks */,
				A55641302B9CB549000A1F27 /* Alamofire in Frameworks */,
				A563B0332BA2846B005A4F37 /* SVProgressHUD in Frameworks */,
				A5ED2ECD2B9994F900BB0E9C /* SnapKit in Frameworks */,
				A563B01D2BA085AF005A4F37 /* FSCalendar in Frameworks */,
				A556411D2B9C3FCC000A1F27 /* Tabman in Frameworks */,
			);
			runOnlyForDeploymentPostprocessing = 0;
		};
/* End PBXFrameworksBuildPhase section */

/* Begin PBXGroup section */
		A5048B392BACAC7E004D9516 /* Launch */ = {
			isa = PBXGroup;
			children = (
				A5048B3A2BACAC95004D9516 /* LaunchScreenViewController.swift */,
			);
			path = Launch;
			sourceTree = "<group>";
		};
		A556411E2B9C4019000A1F27 /* TabmanView */ = {
			isa = PBXGroup;
			children = (
				A556411F2B9C40F4000A1F27 /* TabmanViewController.swift */,
				A563B02B2BA125F9005A4F37 /* TotalResultView */,
				A563B01E2BA08C73005A4F37 /* CalendarView */,
			);
			path = TabmanView;
			sourceTree = "<group>";
		};
		A55641232B9C6CD3000A1F27 /* TotalResultTableView */ = {
			isa = PBXGroup;
			children = (
				A55641382B9D4CC7000A1F27 /* TotalResultTableViewModel.swift */,
				A55641242B9C6E89000A1F27 /* TotalResultTableViewCell.swift */,
				A55641282B9C775C000A1F27 /* collectionViewCells */,
			);
			path = TotalResultTableView;
			sourceTree = "<group>";
		};
		A55641282B9C775C000A1F27 /* collectionViewCells */ = {
			isa = PBXGroup;
			children = (
				A55641292B9C7794000A1F27 /* TopCollectionViewCell.swift */,
				A5D5DD622B9DDC8F007F9935 /* BottomCollectionViewCell.swift */,
			);
			path = collectionViewCells;
			sourceTree = "<group>";
		};
		A556412B2B9CB43F000A1F27 /* Network */ = {
			isa = PBXGroup;
			children = (
				A50F40F52B9F5DE10097466D /* API.swift */,
				A55641312B9CB6B9000A1F27 /* APIService.swift */,
				A5D5DD672B9E7EB5007F9935 /* Model */,
			);
			path = Network;
			sourceTree = "<group>";
		};
		A55641352B9D4628000A1F27 /* Observable */ = {
			isa = PBXGroup;
			children = (
				A55641362B9D4636000A1F27 /* Observable.swift */,
			);
			path = Observable;
			sourceTree = "<group>";
		};
		A563B01E2BA08C73005A4F37 /* CalendarView */ = {
			isa = PBXGroup;
			children = (
				A563B01F2BA08C91005A4F37 /* CalendarViewController.swift */,
			);
			path = CalendarView;
			sourceTree = "<group>";
		};
		A563B0212BA0BB27005A4F37 /* Realm */ = {
			isa = PBXGroup;
			children = (
				A563B0292BA0BEB5005A4F37 /* SearchHistoryRepository.swift */,
				A563B0272BA0BC6E005A4F37 /* SearchedKeywordRealmModel.swift */,
				A5EFCD852BAABE7F002894D2 /* BookmarkRepository.swift */,
				A5EFCD872BAABEE2002894D2 /* BookmarkRealmModel.swift */,
			);
			path = Realm;
			sourceTree = "<group>";
		};
		A563B02B2BA125F9005A4F37 /* TotalResultView */ = {
			isa = PBXGroup;
			children = (
				A55641212B9C6B5B000A1F27 /* TotalResultViewController.swift */,
				A55641232B9C6CD3000A1F27 /* TotalResultTableView */,
			);
			path = TotalResultView;
			sourceTree = "<group>";
		};
		A563B02C2BA12D94005A4F37 /* Tabbar */ = {
			isa = PBXGroup;
			children = (
				A563B02D2BA12DA8005A4F37 /* MainTabbarController.swift */,
			);
			path = Tabbar;
			sourceTree = "<group>";
		};
		A563B0362BA30501005A4F37 /* SearchResult */ = {
			isa = PBXGroup;
			children = (
				A563B0372BA305B9005A4F37 /* SearchResultViewController.swift */,
				A563B0392BA3063C005A4F37 /* SearchResultViewModel.swift */,
				A563B03E2BA3CC40005A4F37 /* resultCollectionViewCell */,
			);
			path = SearchResult;
			sourceTree = "<group>";
		};
		A563B03E2BA3CC40005A4F37 /* resultCollectionViewCell */ = {
			isa = PBXGroup;
			children = (
				A563B03F2BA3CC5A005A4F37 /* ResultCollectionViewCell.swift */,
				A563B0412BA3D084005A4F37 /* ResultCollectionViewSectionHeaderView.swift */,
				A563B0452BA57152005A4F37 /* ResultCollectionViewSectionFooterView.swift */,
			);
			path = resultCollectionViewCell;
			sourceTree = "<group>";
		};
		A563B0472BA57A01005A4F37 /* EachContentList */ = {
			isa = PBXGroup;
			children = (
				A563B0482BA57A2C005A4F37 /* ContentViewController.swift */,
				A563B04A2BA58B09005A4F37 /* ContentViewModel.swift */,
				A563B04C2BA68D91005A4F37 /* ContentViewFooterView.swift */,
			);
			path = EachContentList;
			sourceTree = "<group>";
		};
		A563B04E2BA7B1C4005A4F37 /* DetailContentInfo */ = {
			isa = PBXGroup;
			children = (
				A563B04F2BA7B1F8005A4F37 /* DetailContentInfoViewController.swift */,
				A5EFCD7C2BA9B258002894D2 /* DetailContentInfoViewModel.swift */,
			);
			path = DetailContentInfo;
			sourceTree = "<group>";
		};
		A5D5DD5F2B9DB311007F9935 /* Protocol */ = {
			isa = PBXGroup;
			children = (
				A5D5DD602B9DB32F007F9935 /* Delegate.swift */,
			);
			path = Protocol;
			sourceTree = "<group>";
		};
		A5D5DD642B9E7D61007F9935 /* Extension */ = {
			isa = PBXGroup;
			children = (
				A5D5DD652B9E7D76007F9935 /* DateFormatter.swift */,
				A563B0432BA56840005A4F37 /* StringHighlight.swift */,
				A5048B222BAB377B004D9516 /* attributedStringFromHTML.swift */,
				A5048B262BABEF27004D9516 /* setViewShadow.swift */,
				A5048B282BAC985F004D9516 /* DoubleFormatter.swift */,
			);
			path = Extension;
			sourceTree = "<group>";
		};
		A5D5DD672B9E7EB5007F9935 /* Model */ = {
			isa = PBXGroup;
			children = (
				A55641332B9CB906000A1F27 /* APIModel.swift */,
			);
			path = Model;
			sourceTree = "<group>";
		};
		A5ED2E802B99837800BB0E9C = {
			isa = PBXGroup;
			children = (
				A5ED2EA02B9985FD00BB0E9C /* .gitignore */,
				A5ED2E8B2B99837800BB0E9C /* NuriRock */,
				A5ED2E8A2B99837800BB0E9C /* Products */,
			);
			sourceTree = "<group>";
		};
		A5ED2E8A2B99837800BB0E9C /* Products */ = {
			isa = PBXGroup;
			children = (
				A5ED2E892B99837800BB0E9C /* NuriRock.app */,
			);
			name = Products;
			sourceTree = "<group>";
		};
		A5ED2E8B2B99837800BB0E9C /* NuriRock */ = {
			isa = PBXGroup;
			children = (
				A5048B3C2BAD0CB7004D9516 /* NuriRock.entitlements */,
				A5048B392BACAC7E004D9516 /* Launch */,
				A5ED2EC32B99945500BB0E9C /* Base */,
				A5D5DD642B9E7D61007F9935 /* Extension */,
				A5ED2ECE2B99980800BB0E9C /* Enum */,
				A5D5DD5F2B9DB311007F9935 /* Protocol */,
				A55641352B9D4628000A1F27 /* Observable */,
				A556412B2B9CB43F000A1F27 /* Network */,
				A563B0212BA0BB27005A4F37 /* Realm */,
				A5ED2EC02B9993CF00BB0E9C /* Onboarding */,
				A563B02C2BA12D94005A4F37 /* Tabbar */,
				A5ED2ED62B99A87400BB0E9C /* Total */,
				A563B0362BA30501005A4F37 /* SearchResult */,
				A563B0472BA57A01005A4F37 /* EachContentList */,
				A563B04E2BA7B1C4005A4F37 /* DetailContentInfo */,
				A5EFCD7E2BAA5D80002894D2 /* Bookmark */,
				A5EFCD812BAA5F97002894D2 /* Setting */,
				A5ED2E8C2B99837800BB0E9C /* AppDelegate.swift */,
				A5ED2E8E2B99837800BB0E9C /* SceneDelegate.swift */,
				A5ED2E902B99837800BB0E9C /* ViewController.swift */,
				A5ED2E922B99837800BB0E9C /* Main.storyboard */,
				A5ED2E952B99837900BB0E9C /* Assets.xcassets */,
				A5ED2E972B99837900BB0E9C /* LaunchScreen.storyboard */,
				A5ED2E9A2B99837900BB0E9C /* Info.plist */,
				A5ED2EA22B998B3300BB0E9C /* APIKey.swift */,
				A5ED2EBC2B9991F500BB0E9C /* Localizable.xcstrings */,
				A5ED2EBE2B99927600BB0E9C /* InfoPlist.strings */,
				A5048B2A2BAC9F64004D9516 /* GoogleService-Info.plist */,
			);
			path = NuriRock;
			sourceTree = "<group>";
		};
		A5ED2EC02B9993CF00BB0E9C /* Onboarding */ = {
			isa = PBXGroup;
			children = (
				A5ED2EC12B9993E400BB0E9C /* OnboardingViewController.swift */,
				A5ED2ED32B999FA900BB0E9C /* CountryCollectionViewCell */,
			);
			path = Onboarding;
			sourceTree = "<group>";
		};
		A5ED2EC32B99945500BB0E9C /* Base */ = {
			isa = PBXGroup;
			children = (
				A5ED2EC42B99945F00BB0E9C /* BaseViewController.swift */,
				A5ED2EE22B9B2A4000BB0E9C /* BaseCollectionViewCell.swift */,
				A55641262B9C6EAF000A1F27 /* BaseTableViewCell.swift */,
				A5048B202BAB3262004D9516 /* IndexedButton.swift */,
			);
			path = Base;
			sourceTree = "<group>";
		};
		A5ED2ECE2B99980800BB0E9C /* Enum */ = {
			isa = PBXGroup;
			children = (
				A5ED2ECF2B99981B00BB0E9C /* Country.swift */,
				A5ED2ED12B999A3B00BB0E9C /* LocalString.swift */,
				A5D5DD5D2B9DACB8007F9935 /* ContentType.swift */,
				A5D5DD6A2B9F38EF007F9935 /* CityCode.swift */,
			);
			path = Enum;
			sourceTree = "<group>";
		};
		A5ED2ED32B999FA900BB0E9C /* CountryCollectionViewCell */ = {
			isa = PBXGroup;
			children = (
				A5ED2ED42B999FCB00BB0E9C /* CountryCollectionViewCell.swift */,
			);
			path = CountryCollectionViewCell;
			sourceTree = "<group>";
		};
		A5ED2ED62B99A87400BB0E9C /* Total */ = {
			isa = PBXGroup;
			children = (
				A5ED2ED72B99A8C100BB0E9C /* TotalViewController.swift */,
				A5ED2EDC2B9AFEFC00BB0E9C /* SearchView */,
				A5ED2EDF2B9B2A1100BB0E9C /* CityCollectionView */,
				A556411E2B9C4019000A1F27 /* TabmanView */,
			);
			path = Total;
			sourceTree = "<group>";
		};
		A5ED2EDC2B9AFEFC00BB0E9C /* SearchView */ = {
			isa = PBXGroup;
			children = (
				A5ED2EDD2B9AFF3700BB0E9C /* SearchViewController.swift */,
			);
			path = SearchView;
			sourceTree = "<group>";
		};
		A5ED2EDF2B9B2A1100BB0E9C /* CityCollectionView */ = {
			isa = PBXGroup;
			children = (
				A5ED2EE02B9B2A3200BB0E9C /* CityCollectionViewCell.swift */,
			);
			path = CityCollectionView;
			sourceTree = "<group>";
		};
		A5EFCD7E2BAA5D80002894D2 /* Bookmark */ = {
			isa = PBXGroup;
			children = (
				A5EFCD7F2BAA5DB9002894D2 /* BookmarkViewController.swift */,
				A5048B242BAB4198004D9516 /* BookmarkViewModel.swift */,
			);
			path = Bookmark;
			sourceTree = "<group>";
		};
		A5EFCD812BAA5F97002894D2 /* Setting */ = {
			isa = PBXGroup;
			children = (
				A5EFCD822BAA5FA9002894D2 /* SettingViewController.swift */,
			);
			path = Setting;
			sourceTree = "<group>";
		};
/* End PBXGroup section */

/* Begin PBXNativeTarget section */
		A5ED2E882B99837800BB0E9C /* NuriRock */ = {
			isa = PBXNativeTarget;
			buildConfigurationList = A5ED2E9D2B99837900BB0E9C /* Build configuration list for PBXNativeTarget "NuriRock" */;
			buildPhases = (
				A5ED2E852B99837800BB0E9C /* Sources */,
				A5ED2E862B99837800BB0E9C /* Frameworks */,
				A5ED2E872B99837800BB0E9C /* Resources */,
			);
			buildRules = (
			);
			dependencies = (
			);
			name = NuriRock;
			packageProductDependencies = (
				A5ED2ECC2B9994F900BB0E9C /* SnapKit */,
				A556411C2B9C3FCC000A1F27 /* Tabman */,
				A556412F2B9CB549000A1F27 /* Alamofire */,
				A556413B2B9D5041000A1F27 /* Kingfisher */,
				A563B01C2BA085AF005A4F37 /* FSCalendar */,
				A563B0232BA0BBDE005A4F37 /* Realm */,
				A563B0252BA0BBDE005A4F37 /* RealmSwift */,
				A563B0322BA2846B005A4F37 /* SVProgressHUD */,
				A563B03C2BA35EED005A4F37 /* Toast */,
				A5048B332BACA6E8004D9516 /* FirebaseAnalyticsWithoutAdIdSupport */,
				A5048B352BACA6E8004D9516 /* FirebaseCrashlytics */,
				A5048B372BACA6E8004D9516 /* FirebaseMessaging */,
			);
			productName = NuriRock;
			productReference = A5ED2E892B99837800BB0E9C /* NuriRock.app */;
			productType = "com.apple.product-type.application";
		};
/* End PBXNativeTarget section */

/* Begin PBXProject section */
		A5ED2E812B99837800BB0E9C /* Project object */ = {
			isa = PBXProject;
			attributes = {
				BuildIndependentTargetsInParallel = 1;
				LastSwiftUpdateCheck = 1520;
				LastUpgradeCheck = 1520;
				TargetAttributes = {
					A5ED2E882B99837800BB0E9C = {
						CreatedOnToolsVersion = 15.2;
					};
				};
			};
			buildConfigurationList = A5ED2E842B99837800BB0E9C /* Build configuration list for PBXProject "NuriRock" */;
			compatibilityVersion = "Xcode 14.0";
			developmentRegion = en;
			hasScannedForEncodings = 0;
			knownRegions = (
				Base,
				ko,
				"zh-Hans",
				"zh-Hant",
				ja,
				en,
			);
			mainGroup = A5ED2E802B99837800BB0E9C;
			packageReferences = (
				A5ED2ECB2B9994F900BB0E9C /* XCRemoteSwiftPackageReference "SnapKit" */,
				A556411B2B9C3FCC000A1F27 /* XCRemoteSwiftPackageReference "Tabman" */,
				A556412E2B9CB549000A1F27 /* XCRemoteSwiftPackageReference "Alamofire" */,
				A556413A2B9D5041000A1F27 /* XCRemoteSwiftPackageReference "Kingfisher" */,
				A563B01B2BA085AF005A4F37 /* XCRemoteSwiftPackageReference "FSCalendar" */,
				A563B0222BA0BBDE005A4F37 /* XCRemoteSwiftPackageReference "realm-swift" */,
				A563B0312BA2846B005A4F37 /* XCRemoteSwiftPackageReference "SVProgressHUD" */,
				A563B03B2BA35EED005A4F37 /* XCRemoteSwiftPackageReference "Toast-Swift" */,
				A5048B322BACA6E8004D9516 /* XCRemoteSwiftPackageReference "firebase-ios-sdk" */,
			);
			productRefGroup = A5ED2E8A2B99837800BB0E9C /* Products */;
			projectDirPath = "";
			projectRoot = "";
			targets = (
				A5ED2E882B99837800BB0E9C /* NuriRock */,
			);
		};
/* End PBXProject section */

/* Begin PBXResourcesBuildPhase section */
		A5ED2E872B99837800BB0E9C /* Resources */ = {
			isa = PBXResourcesBuildPhase;
			buildActionMask = 2147483647;
			files = (
				A5ED2EA12B9985FD00BB0E9C /* .gitignore in Resources */,
				A5ED2EBF2B99927600BB0E9C /* InfoPlist.strings in Resources */,
				A5ED2EBD2B9991F500BB0E9C /* Localizable.xcstrings in Resources */,
				A5ED2E992B99837900BB0E9C /* LaunchScreen.storyboard in Resources */,
				A5ED2E962B99837900BB0E9C /* Assets.xcassets in Resources */,
				A5ED2E942B99837800BB0E9C /* Main.storyboard in Resources */,
				A5048B2B2BAC9F64004D9516 /* GoogleService-Info.plist in Resources */,
			);
			runOnlyForDeploymentPostprocessing = 0;
		};
/* End PBXResourcesBuildPhase section */

/* Begin PBXSourcesBuildPhase section */
		A5ED2E852B99837800BB0E9C /* Sources */ = {
			isa = PBXSourcesBuildPhase;
			buildActionMask = 2147483647;
			files = (
				A5EFCD802BAA5DB9002894D2 /* BookmarkViewController.swift in Sources */,
				A5048B212BAB3262004D9516 /* IndexedButton.swift in Sources */,
				A563B0442BA56840005A4F37 /* StringHighlight.swift in Sources */,
				A5D5DD662B9E7D76007F9935 /* DateFormatter.swift in Sources */,
				A5EFCD882BAABEE2002894D2 /* BookmarkRealmModel.swift in Sources */,
				A563B04D2BA68D91005A4F37 /* ContentViewFooterView.swift in Sources */,
				A563B0422BA3D084005A4F37 /* ResultCollectionViewSectionHeaderView.swift in Sources */,
				A5EFCD832BAA5FA9002894D2 /* SettingViewController.swift in Sources */,
				A563B02E2BA12DA8005A4F37 /* MainTabbarController.swift in Sources */,
				A55641372B9D4636000A1F27 /* Observable.swift in Sources */,
				A563B03A2BA3063C005A4F37 /* SearchResultViewModel.swift in Sources */,
				A563B0402BA3CC5A005A4F37 /* ResultCollectionViewCell.swift in Sources */,
				A556412A2B9C7794000A1F27 /* TopCollectionViewCell.swift in Sources */,
				A55641222B9C6B5B000A1F27 /* TotalResultViewController.swift in Sources */,
				A5ED2ED02B99981B00BB0E9C /* Country.swift in Sources */,
				A5ED2EDE2B9AFF3700BB0E9C /* SearchViewController.swift in Sources */,
				A50F40F62B9F5DE10097466D /* API.swift in Sources */,
				A5ED2ED22B999A3B00BB0E9C /* LocalString.swift in Sources */,
				A55641322B9CB6B9000A1F27 /* APIService.swift in Sources */,
				A55641342B9CB906000A1F27 /* APIModel.swift in Sources */,
				A5ED2E912B99837800BB0E9C /* ViewController.swift in Sources */,
				A563B0492BA57A2C005A4F37 /* ContentViewController.swift in Sources */,
				A5ED2ED82B99A8C100BB0E9C /* TotalViewController.swift in Sources */,
				A5ED2E8D2B99837800BB0E9C /* AppDelegate.swift in Sources */,
				A563B0282BA0BC6E005A4F37 /* SearchedKeywordRealmModel.swift in Sources */,
				A563B0502BA7B1F8005A4F37 /* DetailContentInfoViewController.swift in Sources */,
				A5048B252BAB4198004D9516 /* BookmarkViewModel.swift in Sources */,
				A5048B292BAC985F004D9516 /* DoubleFormatter.swift in Sources */,
				A5048B232BAB377B004D9516 /* attributedStringFromHTML.swift in Sources */,
				A5ED2EE12B9B2A3200BB0E9C /* CityCollectionViewCell.swift in Sources */,
				A5EFCD862BAABE7F002894D2 /* BookmarkRepository.swift in Sources */,
				A5ED2ED52B999FCB00BB0E9C /* CountryCollectionViewCell.swift in Sources */,
				A5ED2EC22B9993E400BB0E9C /* OnboardingViewController.swift in Sources */,
				A5048B3B2BACAC95004D9516 /* LaunchScreenViewController.swift in Sources */,
				A5ED2EA32B998B3300BB0E9C /* APIKey.swift in Sources */,
				A563B0382BA305B9005A4F37 /* SearchResultViewController.swift in Sources */,
				A5D5DD612B9DB32F007F9935 /* Delegate.swift in Sources */,
				A5ED2E8F2B99837800BB0E9C /* SceneDelegate.swift in Sources */,
				A5048B272BABEF27004D9516 /* setViewShadow.swift in Sources */,
				A5D5DD5E2B9DACB8007F9935 /* ContentType.swift in Sources */,
				A5D5DD632B9DDC8F007F9935 /* BottomCollectionViewCell.swift in Sources */,
				A55641272B9C6EAF000A1F27 /* BaseTableViewCell.swift in Sources */,
				A5ED2EE32B9B2A4000BB0E9C /* BaseCollectionViewCell.swift in Sources */,
				A5EFCD7D2BA9B258002894D2 /* DetailContentInfoViewModel.swift in Sources */,
				A563B02A2BA0BEB5005A4F37 /* SearchHistoryRepository.swift in Sources */,
				A563B04B2BA58B09005A4F37 /* ContentViewModel.swift in Sources */,
				A563B0202BA08C91005A4F37 /* CalendarViewController.swift in Sources */,
				A5ED2EC52B99945F00BB0E9C /* BaseViewController.swift in Sources */,
				A55641202B9C40F4000A1F27 /* TabmanViewController.swift in Sources */,
				A5D5DD6B2B9F38EF007F9935 /* CityCode.swift in Sources */,
				A55641392B9D4CC7000A1F27 /* TotalResultTableViewModel.swift in Sources */,
				A55641252B9C6E89000A1F27 /* TotalResultTableViewCell.swift in Sources */,
				A563B0462BA57152005A4F37 /* ResultCollectionViewSectionFooterView.swift in Sources */,
			);
			runOnlyForDeploymentPostprocessing = 0;
		};
/* End PBXSourcesBuildPhase section */

/* Begin PBXVariantGroup section */
		A5ED2E922B99837800BB0E9C /* Main.storyboard */ = {
			isa = PBXVariantGroup;
			children = (
				A5ED2E932B99837800BB0E9C /* Base */,
				A5ED2EB22B9990E400BB0E9C /* ko */,
				A5ED2EB42B9990F200BB0E9C /* zh-Hans */,
				A5ED2EB62B9990F600BB0E9C /* zh-Hant */,
				A5ED2EB82B9990FC00BB0E9C /* ja */,
				A5ED2EBA2B99910A00BB0E9C /* en */,
			);
			name = Main.storyboard;
			sourceTree = "<group>";
		};
		A5ED2E972B99837900BB0E9C /* LaunchScreen.storyboard */ = {
			isa = PBXVariantGroup;
			children = (
				A5ED2E982B99837900BB0E9C /* Base */,
				A5ED2EB32B9990E400BB0E9C /* ko */,
				A5ED2EB52B9990F200BB0E9C /* zh-Hans */,
				A5ED2EB72B9990F600BB0E9C /* zh-Hant */,
				A5ED2EB92B9990FC00BB0E9C /* ja */,
				A5ED2EBB2B99910A00BB0E9C /* en */,
			);
			name = LaunchScreen.storyboard;
			sourceTree = "<group>";
		};
/* End PBXVariantGroup section */

/* Begin XCBuildConfiguration section */
		A5ED2E9B2B99837900BB0E9C /* Debug */ = {
			isa = XCBuildConfiguration;
			buildSettings = {
				ALWAYS_SEARCH_USER_PATHS = NO;
				ASSETCATALOG_COMPILER_GENERATE_SWIFT_ASSET_SYMBOL_EXTENSIONS = YES;
				CLANG_ANALYZER_LOCALIZABILITY_NONLOCALIZED = YES;
				CLANG_ANALYZER_NONNULL = YES;
				CLANG_ANALYZER_NUMBER_OBJECT_CONVERSION = YES_AGGRESSIVE;
				CLANG_CXX_LANGUAGE_STANDARD = "gnu++20";
				CLANG_ENABLE_MODULES = YES;
				CLANG_ENABLE_OBJC_ARC = YES;
				CLANG_ENABLE_OBJC_WEAK = YES;
				CLANG_WARN_BLOCK_CAPTURE_AUTORELEASING = YES;
				CLANG_WARN_BOOL_CONVERSION = YES;
				CLANG_WARN_COMMA = YES;
				CLANG_WARN_CONSTANT_CONVERSION = YES;
				CLANG_WARN_DEPRECATED_OBJC_IMPLEMENTATIONS = YES;
				CLANG_WARN_DIRECT_OBJC_ISA_USAGE = YES_ERROR;
				CLANG_WARN_DOCUMENTATION_COMMENTS = YES;
				CLANG_WARN_EMPTY_BODY = YES;
				CLANG_WARN_ENUM_CONVERSION = YES;
				CLANG_WARN_INFINITE_RECURSION = YES;
				CLANG_WARN_INT_CONVERSION = YES;
				CLANG_WARN_NON_LITERAL_NULL_CONVERSION = YES;
				CLANG_WARN_OBJC_IMPLICIT_RETAIN_SELF = YES;
				CLANG_WARN_OBJC_LITERAL_CONVERSION = YES;
				CLANG_WARN_OBJC_ROOT_CLASS = YES_ERROR;
				CLANG_WARN_QUOTED_INCLUDE_IN_FRAMEWORK_HEADER = YES;
				CLANG_WARN_RANGE_LOOP_ANALYSIS = YES;
				CLANG_WARN_STRICT_PROTOTYPES = YES;
				CLANG_WARN_SUSPICIOUS_MOVE = YES;
				CLANG_WARN_UNGUARDED_AVAILABILITY = YES_AGGRESSIVE;
				CLANG_WARN_UNREACHABLE_CODE = YES;
				CLANG_WARN__DUPLICATE_METHOD_MATCH = YES;
				COPY_PHASE_STRIP = NO;
				DEBUG_INFORMATION_FORMAT = dwarf;
				ENABLE_STRICT_OBJC_MSGSEND = YES;
				ENABLE_TESTABILITY = YES;
				ENABLE_USER_SCRIPT_SANDBOXING = YES;
				GCC_C_LANGUAGE_STANDARD = gnu17;
				GCC_DYNAMIC_NO_PIC = NO;
				GCC_NO_COMMON_BLOCKS = YES;
				GCC_OPTIMIZATION_LEVEL = 0;
				GCC_PREPROCESSOR_DEFINITIONS = (
					"DEBUG=1",
					"$(inherited)",
				);
				GCC_WARN_64_TO_32_BIT_CONVERSION = YES;
				GCC_WARN_ABOUT_RETURN_TYPE = YES_ERROR;
				GCC_WARN_UNDECLARED_SELECTOR = YES;
				GCC_WARN_UNINITIALIZED_AUTOS = YES_AGGRESSIVE;
				GCC_WARN_UNUSED_FUNCTION = YES;
				GCC_WARN_UNUSED_VARIABLE = YES;
				IPHONEOS_DEPLOYMENT_TARGET = 17.2;
				LOCALIZATION_PREFERS_STRING_CATALOGS = YES;
				MTL_ENABLE_DEBUG_INFO = INCLUDE_SOURCE;
				MTL_FAST_MATH = YES;
				ONLY_ACTIVE_ARCH = YES;
				SDKROOT = iphoneos;
				SWIFT_ACTIVE_COMPILATION_CONDITIONS = "DEBUG $(inherited)";
				SWIFT_OPTIMIZATION_LEVEL = "-Onone";
			};
			name = Debug;
		};
		A5ED2E9C2B99837900BB0E9C /* Release */ = {
			isa = XCBuildConfiguration;
			buildSettings = {
				ALWAYS_SEARCH_USER_PATHS = NO;
				ASSETCATALOG_COMPILER_GENERATE_SWIFT_ASSET_SYMBOL_EXTENSIONS = YES;
				CLANG_ANALYZER_LOCALIZABILITY_NONLOCALIZED = YES;
				CLANG_ANALYZER_NONNULL = YES;
				CLANG_ANALYZER_NUMBER_OBJECT_CONVERSION = YES_AGGRESSIVE;
				CLANG_CXX_LANGUAGE_STANDARD = "gnu++20";
				CLANG_ENABLE_MODULES = YES;
				CLANG_ENABLE_OBJC_ARC = YES;
				CLANG_ENABLE_OBJC_WEAK = YES;
				CLANG_WARN_BLOCK_CAPTURE_AUTORELEASING = YES;
				CLANG_WARN_BOOL_CONVERSION = YES;
				CLANG_WARN_COMMA = YES;
				CLANG_WARN_CONSTANT_CONVERSION = YES;
				CLANG_WARN_DEPRECATED_OBJC_IMPLEMENTATIONS = YES;
				CLANG_WARN_DIRECT_OBJC_ISA_USAGE = YES_ERROR;
				CLANG_WARN_DOCUMENTATION_COMMENTS = YES;
				CLANG_WARN_EMPTY_BODY = YES;
				CLANG_WARN_ENUM_CONVERSION = YES;
				CLANG_WARN_INFINITE_RECURSION = YES;
				CLANG_WARN_INT_CONVERSION = YES;
				CLANG_WARN_NON_LITERAL_NULL_CONVERSION = YES;
				CLANG_WARN_OBJC_IMPLICIT_RETAIN_SELF = YES;
				CLANG_WARN_OBJC_LITERAL_CONVERSION = YES;
				CLANG_WARN_OBJC_ROOT_CLASS = YES_ERROR;
				CLANG_WARN_QUOTED_INCLUDE_IN_FRAMEWORK_HEADER = YES;
				CLANG_WARN_RANGE_LOOP_ANALYSIS = YES;
				CLANG_WARN_STRICT_PROTOTYPES = YES;
				CLANG_WARN_SUSPICIOUS_MOVE = YES;
				CLANG_WARN_UNGUARDED_AVAILABILITY = YES_AGGRESSIVE;
				CLANG_WARN_UNREACHABLE_CODE = YES;
				CLANG_WARN__DUPLICATE_METHOD_MATCH = YES;
				COPY_PHASE_STRIP = NO;
				DEBUG_INFORMATION_FORMAT = "dwarf-with-dsym";
				ENABLE_NS_ASSERTIONS = NO;
				ENABLE_STRICT_OBJC_MSGSEND = YES;
				ENABLE_USER_SCRIPT_SANDBOXING = YES;
				GCC_C_LANGUAGE_STANDARD = gnu17;
				GCC_NO_COMMON_BLOCKS = YES;
				GCC_WARN_64_TO_32_BIT_CONVERSION = YES;
				GCC_WARN_ABOUT_RETURN_TYPE = YES_ERROR;
				GCC_WARN_UNDECLARED_SELECTOR = YES;
				GCC_WARN_UNINITIALIZED_AUTOS = YES_AGGRESSIVE;
				GCC_WARN_UNUSED_FUNCTION = YES;
				GCC_WARN_UNUSED_VARIABLE = YES;
				IPHONEOS_DEPLOYMENT_TARGET = 17.2;
				LOCALIZATION_PREFERS_STRING_CATALOGS = YES;
				MTL_ENABLE_DEBUG_INFO = NO;
				MTL_FAST_MATH = YES;
				SDKROOT = iphoneos;
				SWIFT_COMPILATION_MODE = wholemodule;
				VALIDATE_PRODUCT = YES;
			};
			name = Release;
		};
		A5ED2E9E2B99837900BB0E9C /* Debug */ = {
			isa = XCBuildConfiguration;
			buildSettings = {
				ASSETCATALOG_COMPILER_APPICON_NAME = AppIcon;
				ASSETCATALOG_COMPILER_GLOBAL_ACCENT_COLOR_NAME = AccentColor;
				CODE_SIGN_ENTITLEMENTS = NuriRock/NuriRock.entitlements;
				CODE_SIGN_STYLE = Automatic;
				CURRENT_PROJECT_VERSION = 1;
				DEVELOPMENT_TEAM = VRPU7TR7JK;
				ENABLE_USER_SCRIPT_SANDBOXING = NO;
				GENERATE_INFOPLIST_FILE = YES;
				INFOPLIST_FILE = NuriRock/Info.plist;
				INFOPLIST_KEY_CFBundleDisplayName = NuriRock;
				INFOPLIST_KEY_NSLocationWhenInUseUsageDescription = "북마크에 추가한 관광지와 사용자의 위치를 같이 보여주기 위해 위치 정보를 사용하고자 합니다.";
				INFOPLIST_KEY_UIApplicationSupportsIndirectInputEvents = YES;
				INFOPLIST_KEY_UILaunchStoryboardName = LaunchScreen;
				INFOPLIST_KEY_UIMainStoryboardFile = Main;
				INFOPLIST_KEY_UISupportedInterfaceOrientations = UIInterfaceOrientationPortrait;
				INFOPLIST_KEY_UISupportedInterfaceOrientations_iPad = "UIInterfaceOrientationLandscapeLeft UIInterfaceOrientationLandscapeRight UIInterfaceOrientationPortrait UIInterfaceOrientationPortraitUpsideDown";
				IPHONEOS_DEPLOYMENT_TARGET = 16.0;
				LD_RUNPATH_SEARCH_PATHS = (
					"$(inherited)",
					"@executable_path/Frameworks",
				);
				MARKETING_VERSION = 1.0.1;
				PRODUCT_BUNDLE_IDENTIFIER = com.ungQ.NuriRock;
				PRODUCT_NAME = "$(TARGET_NAME)";
				SUPPORTED_PLATFORMS = "iphoneos iphonesimulator";
				SUPPORTS_MACCATALYST = NO;
				SUPPORTS_MAC_DESIGNED_FOR_IPHONE_IPAD = NO;
				SUPPORTS_XR_DESIGNED_FOR_IPHONE_IPAD = NO;
				SWIFT_EMIT_LOC_STRINGS = YES;
				SWIFT_VERSION = 5.0;
				TARGETED_DEVICE_FAMILY = 1;
			};
			name = Debug;
		};
		A5ED2E9F2B99837900BB0E9C /* Release */ = {
			isa = XCBuildConfiguration;
			buildSettings = {
				ASSETCATALOG_COMPILER_APPICON_NAME = AppIcon;
				ASSETCATALOG_COMPILER_GLOBAL_ACCENT_COLOR_NAME = AccentColor;
				CODE_SIGN_ENTITLEMENTS = NuriRock/NuriRock.entitlements;
				CODE_SIGN_STYLE = Automatic;
				CURRENT_PROJECT_VERSION = 1;
				DEVELOPMENT_TEAM = VRPU7TR7JK;
				ENABLE_USER_SCRIPT_SANDBOXING = NO;
				GENERATE_INFOPLIST_FILE = YES;
				INFOPLIST_FILE = NuriRock/Info.plist;
				INFOPLIST_KEY_CFBundleDisplayName = NuriRock;
				INFOPLIST_KEY_NSLocationWhenInUseUsageDescription = "북마크에 추가한 관광지와 사용자의 위치를 같이 보여주기 위해 위치 정보를 사용하고자 합니다.";
				INFOPLIST_KEY_UIApplicationSupportsIndirectInputEvents = YES;
				INFOPLIST_KEY_UILaunchStoryboardName = LaunchScreen;
				INFOPLIST_KEY_UIMainStoryboardFile = Main;
				INFOPLIST_KEY_UISupportedInterfaceOrientations = UIInterfaceOrientationPortrait;
				INFOPLIST_KEY_UISupportedInterfaceOrientations_iPad = "UIInterfaceOrientationLandscapeLeft UIInterfaceOrientationLandscapeRight UIInterfaceOrientationPortrait UIInterfaceOrientationPortraitUpsideDown";
				IPHONEOS_DEPLOYMENT_TARGET = 16.0;
				LD_RUNPATH_SEARCH_PATHS = (
					"$(inherited)",
					"@executable_path/Frameworks",
				);
				MARKETING_VERSION = 1.0.1;
				PRODUCT_BUNDLE_IDENTIFIER = com.ungQ.NuriRock;
				PRODUCT_NAME = "$(TARGET_NAME)";
				SUPPORTED_PLATFORMS = "iphoneos iphonesimulator";
				SUPPORTS_MACCATALYST = NO;
				SUPPORTS_MAC_DESIGNED_FOR_IPHONE_IPAD = NO;
				SUPPORTS_XR_DESIGNED_FOR_IPHONE_IPAD = NO;
				SWIFT_EMIT_LOC_STRINGS = YES;
				SWIFT_VERSION = 5.0;
				TARGETED_DEVICE_FAMILY = 1;
			};
			name = Release;
		};
/* End XCBuildConfiguration section */

/* Begin XCConfigurationList section */
		A5ED2E842B99837800BB0E9C /* Build configuration list for PBXProject "NuriRock" */ = {
			isa = XCConfigurationList;
			buildConfigurations = (
				A5ED2E9B2B99837900BB0E9C /* Debug */,
				A5ED2E9C2B99837900BB0E9C /* Release */,
			);
			defaultConfigurationIsVisible = 0;
			defaultConfigurationName = Release;
		};
		A5ED2E9D2B99837900BB0E9C /* Build configuration list for PBXNativeTarget "NuriRock" */ = {
			isa = XCConfigurationList;
			buildConfigurations = (
				A5ED2E9E2B99837900BB0E9C /* Debug */,
				A5ED2E9F2B99837900BB0E9C /* Release */,
			);
			defaultConfigurationIsVisible = 0;
			defaultConfigurationName = Release;
		};
/* End XCConfigurationList section */

/* Begin XCRemoteSwiftPackageReference section */
		A5048B322BACA6E8004D9516 /* XCRemoteSwiftPackageReference "firebase-ios-sdk" */ = {
			isa = XCRemoteSwiftPackageReference;
			repositoryURL = "https://github.com/firebase/firebase-ios-sdk";
			requirement = {
				kind = upToNextMajorVersion;
				minimumVersion = 10.23.0;
			};
		};
		A556411B2B9C3FCC000A1F27 /* XCRemoteSwiftPackageReference "Tabman" */ = {
			isa = XCRemoteSwiftPackageReference;
			repositoryURL = "https://github.com/uias/Tabman.git";
			requirement = {
				kind = upToNextMajorVersion;
				minimumVersion = 3.0.2;
			};
		};
		A556412E2B9CB549000A1F27 /* XCRemoteSwiftPackageReference "Alamofire" */ = {
			isa = XCRemoteSwiftPackageReference;
			repositoryURL = "https://github.com/Alamofire/Alamofire.git";
			requirement = {
				kind = upToNextMajorVersion;
				minimumVersion = 5.9.0;
			};
		};
		A556413A2B9D5041000A1F27 /* XCRemoteSwiftPackageReference "Kingfisher" */ = {
			isa = XCRemoteSwiftPackageReference;
			repositoryURL = "https://github.com/onevcat/Kingfisher.git";
			requirement = {
				kind = upToNextMajorVersion;
				minimumVersion = 7.11.0;
			};
		};
		A563B01B2BA085AF005A4F37 /* XCRemoteSwiftPackageReference "FSCalendar" */ = {
			isa = XCRemoteSwiftPackageReference;
			repositoryURL = "https://github.com/WenchaoD/FSCalendar.git";
			requirement = {
				kind = upToNextMajorVersion;
				minimumVersion = 2.8.4;
			};
		};
		A563B0222BA0BBDE005A4F37 /* XCRemoteSwiftPackageReference "realm-swift" */ = {
			isa = XCRemoteSwiftPackageReference;
			repositoryURL = "https://github.com/realm/realm-swift.git";
			requirement = {
				kind = exactVersion;
				version = 10.48.0;
			};
		};
		A563B0312BA2846B005A4F37 /* XCRemoteSwiftPackageReference "SVProgressHUD" */ = {
			isa = XCRemoteSwiftPackageReference;
			repositoryURL = "https://github.com/SVProgressHUD/SVProgressHUD.git";
			requirement = {
				kind = upToNextMajorVersion;
				minimumVersion = 2.3.1;
			};
		};
		A563B03B2BA35EED005A4F37 /* XCRemoteSwiftPackageReference "Toast-Swift" */ = {
			isa = XCRemoteSwiftPackageReference;
			repositoryURL = "https://github.com/scalessec/Toast-Swift.git";
			requirement = {
				kind = upToNextMajorVersion;
				minimumVersion = 5.1.0;
			};
		};
		A5ED2ECB2B9994F900BB0E9C /* XCRemoteSwiftPackageReference "SnapKit" */ = {
			isa = XCRemoteSwiftPackageReference;
			repositoryURL = "https://github.com/SnapKit/SnapKit.git";
			requirement = {
				kind = upToNextMajorVersion;
				minimumVersion = 5.7.1;
			};
		};
/* End XCRemoteSwiftPackageReference section */

/* Begin XCSwiftPackageProductDependency section */
		A5048B332BACA6E8004D9516 /* FirebaseAnalyticsWithoutAdIdSupport */ = {
			isa = XCSwiftPackageProductDependency;
			package = A5048B322BACA6E8004D9516 /* XCRemoteSwiftPackageReference "firebase-ios-sdk" */;
			productName = FirebaseAnalyticsWithoutAdIdSupport;
		};
		A5048B352BACA6E8004D9516 /* FirebaseCrashlytics */ = {
			isa = XCSwiftPackageProductDependency;
			package = A5048B322BACA6E8004D9516 /* XCRemoteSwiftPackageReference "firebase-ios-sdk" */;
			productName = FirebaseCrashlytics;
		};
		A5048B372BACA6E8004D9516 /* FirebaseMessaging */ = {
			isa = XCSwiftPackageProductDependency;
			package = A5048B322BACA6E8004D9516 /* XCRemoteSwiftPackageReference "firebase-ios-sdk" */;
			productName = FirebaseMessaging;
		};
		A556411C2B9C3FCC000A1F27 /* Tabman */ = {
			isa = XCSwiftPackageProductDependency;
			package = A556411B2B9C3FCC000A1F27 /* XCRemoteSwiftPackageReference "Tabman" */;
			productName = Tabman;
		};
		A556412F2B9CB549000A1F27 /* Alamofire */ = {
			isa = XCSwiftPackageProductDependency;
			package = A556412E2B9CB549000A1F27 /* XCRemoteSwiftPackageReference "Alamofire" */;
			productName = Alamofire;
		};
		A556413B2B9D5041000A1F27 /* Kingfisher */ = {
			isa = XCSwiftPackageProductDependency;
			package = A556413A2B9D5041000A1F27 /* XCRemoteSwiftPackageReference "Kingfisher" */;
			productName = Kingfisher;
		};
		A563B01C2BA085AF005A4F37 /* FSCalendar */ = {
			isa = XCSwiftPackageProductDependency;
			package = A563B01B2BA085AF005A4F37 /* XCRemoteSwiftPackageReference "FSCalendar" */;
			productName = FSCalendar;
		};
		A563B0232BA0BBDE005A4F37 /* Realm */ = {
			isa = XCSwiftPackageProductDependency;
			package = A563B0222BA0BBDE005A4F37 /* XCRemoteSwiftPackageReference "realm-swift" */;
			productName = Realm;
		};
		A563B0252BA0BBDE005A4F37 /* RealmSwift */ = {
			isa = XCSwiftPackageProductDependency;
			package = A563B0222BA0BBDE005A4F37 /* XCRemoteSwiftPackageReference "realm-swift" */;
			productName = RealmSwift;
		};
		A563B0322BA2846B005A4F37 /* SVProgressHUD */ = {
			isa = XCSwiftPackageProductDependency;
			package = A563B0312BA2846B005A4F37 /* XCRemoteSwiftPackageReference "SVProgressHUD" */;
			productName = SVProgressHUD;
		};
		A563B03C2BA35EED005A4F37 /* Toast */ = {
			isa = XCSwiftPackageProductDependency;
			package = A563B03B2BA35EED005A4F37 /* XCRemoteSwiftPackageReference "Toast-Swift" */;
			productName = Toast;
		};
		A5ED2ECC2B9994F900BB0E9C /* SnapKit */ = {
			isa = XCSwiftPackageProductDependency;
			package = A5ED2ECB2B9994F900BB0E9C /* XCRemoteSwiftPackageReference "SnapKit" */;
			productName = SnapKit;
		};
/* End XCSwiftPackageProductDependency section */
	};
	rootObject = A5ED2E812B99837800BB0E9C /* Project object */;
}
